
Microsoft Visual Studio Solution File, Format Version 12.00
# Visual Studio Version 17
VisualStudioVersion = 17.10.35013.160
MinimumVisualStudioVersion = 10.0.40219.1
Project("{9A19103F-16F7-4668-BE54-9A1E7A4F7556}") = "FADE", "FADE.csproj", "{3F74D187-440A-4DE4-AB17-805ECCA937FA}"
EndProject
Project("{FAE04EC0-301F-11D3-BF4B-00C04F79EFBC}") = "Run", "..\Run\Run.csproj", "{9F618BAF-E7E7-4249-AB4B-17FC07B55EF0}"
EndProject
Global
	GlobalSection(SolutionConfigurationPlatforms) = preSolution
		Debug|Any CPU = Debug|Any CPU
		Release|Any CPU = Release|Any CPU
	EndGlobalSection
	GlobalSection(ProjectConfigurationPlatforms) = postSolution
		{3F74D187-440A-4DE4-AB17-805ECCA937FA}.Debug|Any CPU.ActiveCfg = Debug|Any CPU
		{3F74D187-440A-4DE4-AB17-805ECCA937FA}.Debug|Any CPU.Build.0 = Debug|Any CPU
		{3F74D187-440A-4DE4-AB17-805ECCA937FA}.Release|Any CPU.ActiveCfg = Release|Any CPU
		{3F74D187-440A-4DE4-AB17-805ECCA937FA}.Release|Any CPU.Build.0 = Release|Any CPU
		{9F618BAF-E7E7-4249-AB4B-17FC07B55EF0}.Debug|Any CPU.ActiveCfg = Debug|Any CPU
		{9F618BAF-E7E7-4249-AB4B-17FC07B55EF0}.Debug|Any CPU.Build.0 = Debug|Any CPU
		{9F618BAF-E7E7-4249-AB4B-17FC07B55EF0}.Release|Any CPU.ActiveCfg = Release|Any CPU
		{9F618BAF-E7E7-4249-AB4B-17FC07B55EF0}.Release|Any CPU.Build.0 = Release|Any CPU
	EndGlobalSection
	GlobalSection(SolutionProperties) = preSolution
		HideSolutionNode = FALSE
	EndGlobalSection
	GlobalSection(ExtensibilityGlobals) = postSolution
		SolutionGuid = {A8FC0673-89A6-4FA8-818B-6554E55AA38E}
	EndGlobalSection
EndGlobal
